
Microsoft Visual Studio Solution File, Format Version 12.00
# Visual Studio Version 17
VisualStudioVersion = 17.0.31903.59
MinimumVisualStudioVersion = 10.0.40219.1
Project("{2150E333-8FDC-42A3-9474-1A3956D46DE8}") = "0. Solution Items", "0. Solution Items", "{53B2EF7D-683A-4B98-B11D-F32A62CF55BB}"
	ProjectSection(SolutionItems) = preProject
		.editorconfig = .editorconfig
		..\.circleci\config.yml = ..\.circleci\config.yml
		Directory.Build.props = Directory.Build.props
		..\Icon.png = ..\Icon.png
	EndProjectSection
EndProject
Project("{2150E333-8FDC-42A3-9474-1A3956D46DE8}") = "X. Tests", "X. Tests", "{1C2004A4-72AC-4919-A269-62B0C2E8FEC8}"
EndProject
Project("{FAE04EC0-301F-11D3-BF4B-00C04F79EFBC}") = "Metallic.Sandbox", "sdk\Metallic.Sandbox\Metallic.Sandbox.csproj", "{3225F269-6603-4195-B323-7BE171582FA4}"
EndProject
Project("{FAE04EC0-301F-11D3-BF4B-00C04F79EFBC}") = "Metallic.Sandbox.Tests", "tests\Metallic.Sandbox.Tests\Metallic.Sandbox.Tests.csproj", "{68B8E9FD-424A-43D3-A02D-09C9E91DFE06}"
EndProject
Global
	GlobalSection(SolutionConfigurationPlatforms) = preSolution
		Debug|Any CPU = Debug|Any CPU
		Release|Any CPU = Release|Any CPU
	EndGlobalSection
	GlobalSection(ProjectConfigurationPlatforms) = postSolution
		{3225F269-6603-4195-B323-7BE171582FA4}.Debug|Any CPU.ActiveCfg = Debug|Any CPU
		{3225F269-6603-4195-B323-7BE171582FA4}.Debug|Any CPU.Build.0 = Debug|Any CPU
		{3225F269-6603-4195-B323-7BE171582FA4}.Release|Any CPU.ActiveCfg = Release|Any CPU
		{3225F269-6603-4195-B323-7BE171582FA4}.Release|Any CPU.Build.0 = Release|Any CPU
		{68B8E9FD-424A-43D3-A02D-09C9E91DFE06}.Debug|Any CPU.ActiveCfg = Debug|Any CPU
		{68B8E9FD-424A-43D3-A02D-09C9E91DFE06}.Debug|Any CPU.Build.0 = Debug|Any CPU
		{68B8E9FD-424A-43D3-A02D-09C9E91DFE06}.Release|Any CPU.ActiveCfg = Release|Any CPU
		{68B8E9FD-424A-43D3-A02D-09C9E91DFE06}.Release|Any CPU.Build.0 = Release|Any CPU
	EndGlobalSection
	GlobalSection(SolutionProperties) = preSolution
		HideSolutionNode = FALSE
	EndGlobalSection
	GlobalSection(NestedProjects) = preSolution
		{68B8E9FD-424A-43D3-A02D-09C9E91DFE06} = {1C2004A4-72AC-4919-A269-62B0C2E8FEC8}
	EndGlobalSection
	GlobalSection(ExtensibilityGlobals) = postSolution
		SolutionGuid = {963B156C-CA2E-4045-8823-393D107C4020}
	EndGlobalSection
EndGlobal
