
Microsoft Visual Studio Solution File, Format Version 12.00
# Visual Studio Version 17
VisualStudioVersion = 17.0.31903.59
MinimumVisualStudioVersion = 10.0.40219.1
Project("{2150E333-8FDC-42A3-9474-1A3956D46DE8}") = "0. Solution Items", "0. Solution Items", "{53B2EF7D-683A-4B98-B11D-F32A62CF55BB}"
	ProjectSection(SolutionItems) = preProject
		.editorconfig = .editorconfig
		.runsettings = .runsettings
		..\.circleci\config.yml = ..\.circleci\config.yml
		Directory.Build.props = Directory.Build.props
		..\Icon.png = ..\Icon.png
	EndProjectSection
EndProject
Project("{FAE04EC0-301F-11D3-BF4B-00C04F79EFBC}") = "Metallic", "sdk\Metallic\Metallic.csproj", "{885BCE0E-726A-419C-890B-7AC2EDF7FB67}"
EndProject
Project("{FAE04EC0-301F-11D3-BF4B-00C04F79EFBC}") = "Tests.Metallic", "tests\Tests.Metallic\Tests.Metallic.csproj", "{E6D18CE3-AD94-4CFE-85EB-B66372E4BCA0}"
EndProject
Project("{2150E333-8FDC-42A3-9474-1A3956D46DE8}") = "sdk", "sdk", "{EABE17C3-7C43-4198-AE75-368459E41B05}"
EndProject
Project("{2150E333-8FDC-42A3-9474-1A3956D46DE8}") = "tests", "tests", "{D2D57B99-D038-4C81-93A2-8FE096705CF3}"
EndProject
Project("{FAE04EC0-301F-11D3-BF4B-00C04F79EFBC}") = "Metallic.Data", "sdk\Metallic.Data\Metallic.Data.csproj", "{44E7FBD5-2012-4E48-8CC5-FDE708172059}"
EndProject
Project("{FAE04EC0-301F-11D3-BF4B-00C04F79EFBC}") = "Metallic.Data.LiteDb", "sdk\Metallic.Data.LiteDb\Metallic.Data.LiteDb.csproj", "{47394A70-7968-4559-A5DD-6BD1C635EA84}"
EndProject
Project("{FAE04EC0-301F-11D3-BF4B-00C04F79EFBC}") = "Metallic.Data.Ado", "sdk\Metallic.Data.Ado\Metallic.Data.Ado.csproj", "{A59A1D9D-E8FB-4467-A17C-3674572A3125}"
EndProject
Project("{FAE04EC0-301F-11D3-BF4B-00C04F79EFBC}") = "Metallic.Data.Npgsql", "sdk\Metallic.Data.Npgsql\Metallic.Data.Npgsql.csproj", "{3E0B6014-875C-4096-93FF-B0DDA201D902}"
EndProject
Project("{FAE04EC0-301F-11D3-BF4B-00C04F79EFBC}") = "Metallic.Data.Sql", "sdk\Metallic.Data.Sql\Metallic.Data.Sql.csproj", "{282CFC13-9E1F-4516-9077-647F9E259530}"
EndProject
Project("{FAE04EC0-301F-11D3-BF4B-00C04F79EFBC}") = "Tests.Metallic.Data", "tests\Tests.Metallic.Data\Tests.Metallic.Data.csproj", "{D83A7E91-2E71-4791-866C-92CAA303A521}"
EndProject
Project("{FAE04EC0-301F-11D3-BF4B-00C04F79EFBC}") = "Tests.Metallic.Data.Ado", "tests\Tests.Metallic.Data.Ado\Tests.Metallic.Data.Ado.csproj", "{D5F65149-1D77-46A1-BE2B-C8A65BF6E0CC}"
EndProject
Project("{FAE04EC0-301F-11D3-BF4B-00C04F79EFBC}") = "Tests.Metallic.Data.LiteDb", "tests\Tests.Metallic.Data.LiteDb\Tests.Metallic.Data.LiteDb.csproj", "{0746632E-9A50-423F-964F-FC42C02B6E59}"
EndProject
Project("{FAE04EC0-301F-11D3-BF4B-00C04F79EFBC}") = "Tests.Metallic.Data.Npgsql", "tests\Tests.Metallic.Data.Npgsql\Tests.Metallic.Data.Npgsql.csproj", "{7D016710-C8FD-4353-977D-B311FE31080B}"
EndProject
Project("{FAE04EC0-301F-11D3-BF4B-00C04F79EFBC}") = "Tests.Metallic.Data.Sql", "tests\Tests.Metallic.Data.Sql\Tests.Metallic.Data.Sql.csproj", "{0FB032B2-43AD-43D7-89B6-5CA9FF657F85}"
EndProject
Project("{2150E333-8FDC-42A3-9474-1A3956D46DE8}") = "sandbox", "sandbox", "{77A70858-54B1-4BCE-91EC-7519C6B522BE}"
EndProject
Project("{FAE04EC0-301F-11D3-BF4B-00C04F79EFBC}") = "Sandbox.Tests", "sandbox\Sandbox.Tests\Sandbox.Tests.csproj", "{22983D34-F389-4968-A117-AB8496B5A349}"
EndProject
Project("{FAE04EC0-301F-11D3-BF4B-00C04F79EFBC}") = "Sandbox.TestConsole", "sandbox\Sandbox.TestConsole\Sandbox.TestConsole.csproj", "{F641F583-FD08-4995-BC29-BF3ED910FEE0}"
EndProject
Project("{FAE04EC0-301F-11D3-BF4B-00C04F79EFBC}") = "Metallic.CommandLine", "sdk\Metallic.CommandLine\Metallic.CommandLine.csproj", "{D5450EFE-23FA-479B-9732-6CA2C1DC6253}"
EndProject
Project("{FAE04EC0-301F-11D3-BF4B-00C04F79EFBC}") = "Tests.Metallic.CommandLine", "tests\Tests.Metallic.CommandLine\Tests.Metallic.CommandLine.csproj", "{65FDF74E-E1F7-4A0B-9BD3-0E093E97DF61}"
EndProject
Project("{FAE04EC0-301F-11D3-BF4B-00C04F79EFBC}") = "Metallic.Host", "sdk\Metallic.Host\Metallic.Host.csproj", "{9040B58A-34B9-4BB3-851C-455A0B60D440}"
EndProject
Project("{FAE04EC0-301F-11D3-BF4B-00C04F79EFBC}") = "Tests.Metallic.Host", "tests\Tests.Metallic.Host\Tests.Metallic.Host.csproj", "{B5CB9C5D-B0FF-458E-8D1F-446D5A01F254}"
EndProject
Global
	GlobalSection(SolutionConfigurationPlatforms) = preSolution
		Debug|Any CPU = Debug|Any CPU
		Release|Any CPU = Release|Any CPU
	EndGlobalSection
	GlobalSection(ProjectConfigurationPlatforms) = postSolution
		{885BCE0E-726A-419C-890B-7AC2EDF7FB67}.Debug|Any CPU.ActiveCfg = Debug|Any CPU
		{885BCE0E-726A-419C-890B-7AC2EDF7FB67}.Debug|Any CPU.Build.0 = Debug|Any CPU
		{885BCE0E-726A-419C-890B-7AC2EDF7FB67}.Release|Any CPU.ActiveCfg = Release|Any CPU
		{885BCE0E-726A-419C-890B-7AC2EDF7FB67}.Release|Any CPU.Build.0 = Release|Any CPU
		{E6D18CE3-AD94-4CFE-85EB-B66372E4BCA0}.Debug|Any CPU.ActiveCfg = Debug|Any CPU
		{E6D18CE3-AD94-4CFE-85EB-B66372E4BCA0}.Debug|Any CPU.Build.0 = Debug|Any CPU
		{E6D18CE3-AD94-4CFE-85EB-B66372E4BCA0}.Release|Any CPU.ActiveCfg = Release|Any CPU
		{E6D18CE3-AD94-4CFE-85EB-B66372E4BCA0}.Release|Any CPU.Build.0 = Release|Any CPU
		{44E7FBD5-2012-4E48-8CC5-FDE708172059}.Debug|Any CPU.ActiveCfg = Debug|Any CPU
		{44E7FBD5-2012-4E48-8CC5-FDE708172059}.Debug|Any CPU.Build.0 = Debug|Any CPU
		{44E7FBD5-2012-4E48-8CC5-FDE708172059}.Release|Any CPU.ActiveCfg = Release|Any CPU
		{44E7FBD5-2012-4E48-8CC5-FDE708172059}.Release|Any CPU.Build.0 = Release|Any CPU
		{47394A70-7968-4559-A5DD-6BD1C635EA84}.Debug|Any CPU.ActiveCfg = Debug|Any CPU
		{47394A70-7968-4559-A5DD-6BD1C635EA84}.Debug|Any CPU.Build.0 = Debug|Any CPU
		{47394A70-7968-4559-A5DD-6BD1C635EA84}.Release|Any CPU.ActiveCfg = Release|Any CPU
		{47394A70-7968-4559-A5DD-6BD1C635EA84}.Release|Any CPU.Build.0 = Release|Any CPU
		{A59A1D9D-E8FB-4467-A17C-3674572A3125}.Debug|Any CPU.ActiveCfg = Debug|Any CPU
		{A59A1D9D-E8FB-4467-A17C-3674572A3125}.Debug|Any CPU.Build.0 = Debug|Any CPU
		{A59A1D9D-E8FB-4467-A17C-3674572A3125}.Release|Any CPU.ActiveCfg = Release|Any CPU
		{A59A1D9D-E8FB-4467-A17C-3674572A3125}.Release|Any CPU.Build.0 = Release|Any CPU
		{3E0B6014-875C-4096-93FF-B0DDA201D902}.Debug|Any CPU.ActiveCfg = Debug|Any CPU
		{3E0B6014-875C-4096-93FF-B0DDA201D902}.Debug|Any CPU.Build.0 = Debug|Any CPU
		{3E0B6014-875C-4096-93FF-B0DDA201D902}.Release|Any CPU.ActiveCfg = Release|Any CPU
		{3E0B6014-875C-4096-93FF-B0DDA201D902}.Release|Any CPU.Build.0 = Release|Any CPU
		{282CFC13-9E1F-4516-9077-647F9E259530}.Debug|Any CPU.ActiveCfg = Debug|Any CPU
		{282CFC13-9E1F-4516-9077-647F9E259530}.Debug|Any CPU.Build.0 = Debug|Any CPU
		{282CFC13-9E1F-4516-9077-647F9E259530}.Release|Any CPU.ActiveCfg = Release|Any CPU
		{282CFC13-9E1F-4516-9077-647F9E259530}.Release|Any CPU.Build.0 = Release|Any CPU
		{D83A7E91-2E71-4791-866C-92CAA303A521}.Debug|Any CPU.ActiveCfg = Debug|Any CPU
		{D83A7E91-2E71-4791-866C-92CAA303A521}.Debug|Any CPU.Build.0 = Debug|Any CPU
		{D83A7E91-2E71-4791-866C-92CAA303A521}.Release|Any CPU.ActiveCfg = Release|Any CPU
		{D83A7E91-2E71-4791-866C-92CAA303A521}.Release|Any CPU.Build.0 = Release|Any CPU
		{D5F65149-1D77-46A1-BE2B-C8A65BF6E0CC}.Debug|Any CPU.ActiveCfg = Debug|Any CPU
		{D5F65149-1D77-46A1-BE2B-C8A65BF6E0CC}.Debug|Any CPU.Build.0 = Debug|Any CPU
		{D5F65149-1D77-46A1-BE2B-C8A65BF6E0CC}.Release|Any CPU.ActiveCfg = Release|Any CPU
		{D5F65149-1D77-46A1-BE2B-C8A65BF6E0CC}.Release|Any CPU.Build.0 = Release|Any CPU
		{0746632E-9A50-423F-964F-FC42C02B6E59}.Debug|Any CPU.ActiveCfg = Debug|Any CPU
		{0746632E-9A50-423F-964F-FC42C02B6E59}.Debug|Any CPU.Build.0 = Debug|Any CPU
		{0746632E-9A50-423F-964F-FC42C02B6E59}.Release|Any CPU.ActiveCfg = Release|Any CPU
		{0746632E-9A50-423F-964F-FC42C02B6E59}.Release|Any CPU.Build.0 = Release|Any CPU
		{7D016710-C8FD-4353-977D-B311FE31080B}.Debug|Any CPU.ActiveCfg = Debug|Any CPU
		{7D016710-C8FD-4353-977D-B311FE31080B}.Debug|Any CPU.Build.0 = Debug|Any CPU
		{7D016710-C8FD-4353-977D-B311FE31080B}.Release|Any CPU.ActiveCfg = Release|Any CPU
		{7D016710-C8FD-4353-977D-B311FE31080B}.Release|Any CPU.Build.0 = Release|Any CPU
		{0FB032B2-43AD-43D7-89B6-5CA9FF657F85}.Debug|Any CPU.ActiveCfg = Debug|Any CPU
		{0FB032B2-43AD-43D7-89B6-5CA9FF657F85}.Debug|Any CPU.Build.0 = Debug|Any CPU
		{0FB032B2-43AD-43D7-89B6-5CA9FF657F85}.Release|Any CPU.ActiveCfg = Release|Any CPU
		{0FB032B2-43AD-43D7-89B6-5CA9FF657F85}.Release|Any CPU.Build.0 = Release|Any CPU
		{22983D34-F389-4968-A117-AB8496B5A349}.Debug|Any CPU.ActiveCfg = Debug|Any CPU
		{22983D34-F389-4968-A117-AB8496B5A349}.Debug|Any CPU.Build.0 = Debug|Any CPU
		{22983D34-F389-4968-A117-AB8496B5A349}.Release|Any CPU.ActiveCfg = Release|Any CPU
		{22983D34-F389-4968-A117-AB8496B5A349}.Release|Any CPU.Build.0 = Release|Any CPU
		{F641F583-FD08-4995-BC29-BF3ED910FEE0}.Debug|Any CPU.ActiveCfg = Debug|Any CPU
		{F641F583-FD08-4995-BC29-BF3ED910FEE0}.Debug|Any CPU.Build.0 = Debug|Any CPU
		{F641F583-FD08-4995-BC29-BF3ED910FEE0}.Release|Any CPU.ActiveCfg = Release|Any CPU
		{F641F583-FD08-4995-BC29-BF3ED910FEE0}.Release|Any CPU.Build.0 = Release|Any CPU
		{D5450EFE-23FA-479B-9732-6CA2C1DC6253}.Debug|Any CPU.ActiveCfg = Debug|Any CPU
		{D5450EFE-23FA-479B-9732-6CA2C1DC6253}.Debug|Any CPU.Build.0 = Debug|Any CPU
		{D5450EFE-23FA-479B-9732-6CA2C1DC6253}.Release|Any CPU.ActiveCfg = Release|Any CPU
		{D5450EFE-23FA-479B-9732-6CA2C1DC6253}.Release|Any CPU.Build.0 = Release|Any CPU
		{65FDF74E-E1F7-4A0B-9BD3-0E093E97DF61}.Debug|Any CPU.ActiveCfg = Debug|Any CPU
		{65FDF74E-E1F7-4A0B-9BD3-0E093E97DF61}.Debug|Any CPU.Build.0 = Debug|Any CPU
		{65FDF74E-E1F7-4A0B-9BD3-0E093E97DF61}.Release|Any CPU.ActiveCfg = Release|Any CPU
		{65FDF74E-E1F7-4A0B-9BD3-0E093E97DF61}.Release|Any CPU.Build.0 = Release|Any CPU
		{9040B58A-34B9-4BB3-851C-455A0B60D440}.Debug|Any CPU.ActiveCfg = Debug|Any CPU
		{9040B58A-34B9-4BB3-851C-455A0B60D440}.Debug|Any CPU.Build.0 = Debug|Any CPU
		{9040B58A-34B9-4BB3-851C-455A0B60D440}.Release|Any CPU.ActiveCfg = Release|Any CPU
		{9040B58A-34B9-4BB3-851C-455A0B60D440}.Release|Any CPU.Build.0 = Release|Any CPU
		{B5CB9C5D-B0FF-458E-8D1F-446D5A01F254}.Debug|Any CPU.ActiveCfg = Debug|Any CPU
		{B5CB9C5D-B0FF-458E-8D1F-446D5A01F254}.Debug|Any CPU.Build.0 = Debug|Any CPU
		{B5CB9C5D-B0FF-458E-8D1F-446D5A01F254}.Release|Any CPU.ActiveCfg = Release|Any CPU
		{B5CB9C5D-B0FF-458E-8D1F-446D5A01F254}.Release|Any CPU.Build.0 = Release|Any CPU
	EndGlobalSection
	GlobalSection(SolutionProperties) = preSolution
		HideSolutionNode = FALSE
	EndGlobalSection
	GlobalSection(NestedProjects) = preSolution
		{885BCE0E-726A-419C-890B-7AC2EDF7FB67} = {EABE17C3-7C43-4198-AE75-368459E41B05}
		{E6D18CE3-AD94-4CFE-85EB-B66372E4BCA0} = {D2D57B99-D038-4C81-93A2-8FE096705CF3}
		{44E7FBD5-2012-4E48-8CC5-FDE708172059} = {EABE17C3-7C43-4198-AE75-368459E41B05}
		{47394A70-7968-4559-A5DD-6BD1C635EA84} = {EABE17C3-7C43-4198-AE75-368459E41B05}
		{A59A1D9D-E8FB-4467-A17C-3674572A3125} = {EABE17C3-7C43-4198-AE75-368459E41B05}
		{3E0B6014-875C-4096-93FF-B0DDA201D902} = {EABE17C3-7C43-4198-AE75-368459E41B05}
		{282CFC13-9E1F-4516-9077-647F9E259530} = {EABE17C3-7C43-4198-AE75-368459E41B05}
		{D83A7E91-2E71-4791-866C-92CAA303A521} = {D2D57B99-D038-4C81-93A2-8FE096705CF3}
		{D5F65149-1D77-46A1-BE2B-C8A65BF6E0CC} = {D2D57B99-D038-4C81-93A2-8FE096705CF3}
		{0746632E-9A50-423F-964F-FC42C02B6E59} = {D2D57B99-D038-4C81-93A2-8FE096705CF3}
		{7D016710-C8FD-4353-977D-B311FE31080B} = {D2D57B99-D038-4C81-93A2-8FE096705CF3}
		{0FB032B2-43AD-43D7-89B6-5CA9FF657F85} = {D2D57B99-D038-4C81-93A2-8FE096705CF3}
		{22983D34-F389-4968-A117-AB8496B5A349} = {77A70858-54B1-4BCE-91EC-7519C6B522BE}
		{F641F583-FD08-4995-BC29-BF3ED910FEE0} = {77A70858-54B1-4BCE-91EC-7519C6B522BE}
		{D5450EFE-23FA-479B-9732-6CA2C1DC6253} = {EABE17C3-7C43-4198-AE75-368459E41B05}
		{65FDF74E-E1F7-4A0B-9BD3-0E093E97DF61} = {D2D57B99-D038-4C81-93A2-8FE096705CF3}
		{9040B58A-34B9-4BB3-851C-455A0B60D440} = {EABE17C3-7C43-4198-AE75-368459E41B05}
		{B5CB9C5D-B0FF-458E-8D1F-446D5A01F254} = {D2D57B99-D038-4C81-93A2-8FE096705CF3}
	EndGlobalSection
	GlobalSection(ExtensibilityGlobals) = postSolution
		SolutionGuid = {963B156C-CA2E-4045-8823-393D107C4020}
	EndGlobalSection
EndGlobal
